
Microsoft Visual Studio Solution File, Format Version 12.00
# Visual Studio 15
Project("{FAE04EC0-301F-11D3-BF4B-00C04F79EFBC}") = "CryptoCore-server", "CryptoCore-server\CryptoCore-server.csproj", "{2C98CEE1-F918-458C-B1E3-1A25A58F2BB3}"
EndProject
Global
	GlobalSection(SolutionConfigurationPlatforms) = preSolution
		Debug|Any CPU = Debug|Any CPU
		Release|Any CPU = Release|Any CPU
	EndGlobalSection
	GlobalSection(ProjectConfigurationPlatforms) = postSolution
		{2C98CEE1-F918-458C-B1E3-1A25A58F2BB3}.Debug|Any CPU.ActiveCfg = Debug|Any CPU
		{2C98CEE1-F918-458C-B1E3-1A25A58F2BB3}.Debug|Any CPU.Build.0 = Debug|Any CPU
		{2C98CEE1-F918-458C-B1E3-1A25A58F2BB3}.Release|Any CPU.ActiveCfg = Release|Any CPU
		{2C98CEE1-F918-458C-B1E3-1A25A58F2BB3}.Release|Any CPU.Build.0 = Release|Any CPU
	EndGlobalSection
EndGlobal
